
Microsoft Visual Studio Solution File, Format Version 12.00
# Visual Studio Version 16
VisualStudioVersion = 16.0.30225.117
MinimumVisualStudioVersion = 15.0.26124.0
Project("{2150E333-8FDC-42A3-9474-1A3956D46DE8}") = "src", "src", "{9BB7EE74-125B-48B3-AE74-0E8D11AAD200}"
EndProject
Project("{2150E333-8FDC-42A3-9474-1A3956D46DE8}") = "tests", "tests", "{680C867B-2E04-486B-B5AB-A68ECE4657C2}"
EndProject
Project("{9A19103F-16F7-4668-BE54-9A1E7A4F7556}") = "RedPipes.Tests", "tests\RedPipes.Context.Tests\RedPipes.Tests.csproj", "{883AA8BB-1290-4578-8F31-2082B29207A9}"
EndProject
Project("{2150E333-8FDC-42A3-9474-1A3956D46DE8}") = "_Solution Items", "_Solution Items", "{8527F93C-ED5F-40C0-B974-AE22880F7B24}"
	ProjectSection(SolutionItems) = preProject
		.editorconfig = .editorconfig
		NuGet.config = NuGet.config
	EndProjectSection
EndProject
Project("{2150E333-8FDC-42A3-9474-1A3956D46DE8}") = "examples", "examples", "{797727E5-7AEF-43A8-81FA-D8489B5AC144}"
EndProject
Project("{9A19103F-16F7-4668-BE54-9A1E7A4F7556}") = "Examples", "examples\Examples\Examples.csproj", "{264E03F6-CDAE-4923-AB9C-C279AAE26BED}"
EndProject
Project("{2150E333-8FDC-42A3-9474-1A3956D46DE8}") = "fittings", "fittings", "{E7B01B92-2AFF-42FE-9C76-DF167056DAEF}"
EndProject
Project("{9A19103F-16F7-4668-BE54-9A1E7A4F7556}") = "RedPipes", "src\RedPipes\RedPipes.csproj", "{4EAFD559-5A3D-44D9-A76E-16F6A6B0938A}"
EndProject
Project("{9A19103F-16F7-4668-BE54-9A1E7A4F7556}") = "RedPipes.Auth", "src\fittings\RedPipes.Auth\RedPipes.Auth.csproj", "{09F68CDE-D2EB-4E21-93BB-5694987B2AC7}"
EndProject
Project("{9A19103F-16F7-4668-BE54-9A1E7A4F7556}") = "RedPipes.OpenTelemetry", "src\fittings\RedPipes.OpenTelemetry\RedPipes.OpenTelemetry.csproj", "{4F35C730-C986-4CBB-BB0B-A0DA4117441D}"
EndProject
Project("{9A19103F-16F7-4668-BE54-9A1E7A4F7556}") = "RedPipes.Polly", "src\fittings\RedPipes.Polly\RedPipes.Polly.csproj", "{F684E7AE-E76B-4F94-8321-0A8C1D034F50}"
EndProject
Project("{9A19103F-16F7-4668-BE54-9A1E7A4F7556}") = "RedPipes.RabbitMQ", "src\fittings\RedPipes.RabbitMQ\RedPipes.RabbitMQ.csproj", "{72CAE69F-C294-44CE-8BDF-C1F09D9F63FF}"
EndProject
Project("{FAE04EC0-301F-11D3-BF4B-00C04F79EFBC}") = "RedPipes.Rpc", "src\fittings\RedPipes.Rpc\RedPipes.Rpc.csproj", "{C9ECA754-8E90-44E9-BF7E-36496E032406}"
EndProject
Global
	GlobalSection(SolutionConfigurationPlatforms) = preSolution
		Debug|Any CPU = Debug|Any CPU
		Debug|x64 = Debug|x64
		Debug|x86 = Debug|x86
		Release|Any CPU = Release|Any CPU
		Release|x64 = Release|x64
		Release|x86 = Release|x86
	EndGlobalSection
	GlobalSection(ProjectConfigurationPlatforms) = postSolution
		{883AA8BB-1290-4578-8F31-2082B29207A9}.Debug|Any CPU.ActiveCfg = Debug|Any CPU
		{883AA8BB-1290-4578-8F31-2082B29207A9}.Debug|Any CPU.Build.0 = Debug|Any CPU
		{883AA8BB-1290-4578-8F31-2082B29207A9}.Debug|x64.ActiveCfg = Debug|Any CPU
		{883AA8BB-1290-4578-8F31-2082B29207A9}.Debug|x64.Build.0 = Debug|Any CPU
		{883AA8BB-1290-4578-8F31-2082B29207A9}.Debug|x86.ActiveCfg = Debug|Any CPU
		{883AA8BB-1290-4578-8F31-2082B29207A9}.Debug|x86.Build.0 = Debug|Any CPU
		{883AA8BB-1290-4578-8F31-2082B29207A9}.Release|Any CPU.ActiveCfg = Release|Any CPU
		{883AA8BB-1290-4578-8F31-2082B29207A9}.Release|Any CPU.Build.0 = Release|Any CPU
		{883AA8BB-1290-4578-8F31-2082B29207A9}.Release|x64.ActiveCfg = Release|Any CPU
		{883AA8BB-1290-4578-8F31-2082B29207A9}.Release|x64.Build.0 = Release|Any CPU
		{883AA8BB-1290-4578-8F31-2082B29207A9}.Release|x86.ActiveCfg = Release|Any CPU
		{883AA8BB-1290-4578-8F31-2082B29207A9}.Release|x86.Build.0 = Release|Any CPU
		{264E03F6-CDAE-4923-AB9C-C279AAE26BED}.Debug|Any CPU.ActiveCfg = Debug|Any CPU
		{264E03F6-CDAE-4923-AB9C-C279AAE26BED}.Debug|Any CPU.Build.0 = Debug|Any CPU
		{264E03F6-CDAE-4923-AB9C-C279AAE26BED}.Debug|x64.ActiveCfg = Debug|Any CPU
		{264E03F6-CDAE-4923-AB9C-C279AAE26BED}.Debug|x64.Build.0 = Debug|Any CPU
		{264E03F6-CDAE-4923-AB9C-C279AAE26BED}.Debug|x86.ActiveCfg = Debug|Any CPU
		{264E03F6-CDAE-4923-AB9C-C279AAE26BED}.Debug|x86.Build.0 = Debug|Any CPU
		{264E03F6-CDAE-4923-AB9C-C279AAE26BED}.Release|Any CPU.ActiveCfg = Release|Any CPU
		{264E03F6-CDAE-4923-AB9C-C279AAE26BED}.Release|Any CPU.Build.0 = Release|Any CPU
		{264E03F6-CDAE-4923-AB9C-C279AAE26BED}.Release|x64.ActiveCfg = Release|Any CPU
		{264E03F6-CDAE-4923-AB9C-C279AAE26BED}.Release|x64.Build.0 = Release|Any CPU
		{264E03F6-CDAE-4923-AB9C-C279AAE26BED}.Release|x86.ActiveCfg = Release|Any CPU
		{264E03F6-CDAE-4923-AB9C-C279AAE26BED}.Release|x86.Build.0 = Release|Any CPU
		{4EAFD559-5A3D-44D9-A76E-16F6A6B0938A}.Debug|Any CPU.ActiveCfg = Debug|Any CPU
		{4EAFD559-5A3D-44D9-A76E-16F6A6B0938A}.Debug|Any CPU.Build.0 = Debug|Any CPU
		{4EAFD559-5A3D-44D9-A76E-16F6A6B0938A}.Debug|x64.ActiveCfg = Debug|Any CPU
		{4EAFD559-5A3D-44D9-A76E-16F6A6B0938A}.Debug|x64.Build.0 = Debug|Any CPU
		{4EAFD559-5A3D-44D9-A76E-16F6A6B0938A}.Debug|x86.ActiveCfg = Debug|Any CPU
		{4EAFD559-5A3D-44D9-A76E-16F6A6B0938A}.Debug|x86.Build.0 = Debug|Any CPU
		{4EAFD559-5A3D-44D9-A76E-16F6A6B0938A}.Release|Any CPU.ActiveCfg = Release|Any CPU
		{4EAFD559-5A3D-44D9-A76E-16F6A6B0938A}.Release|Any CPU.Build.0 = Release|Any CPU
		{4EAFD559-5A3D-44D9-A76E-16F6A6B0938A}.Release|x64.ActiveCfg = Release|Any CPU
		{4EAFD559-5A3D-44D9-A76E-16F6A6B0938A}.Release|x64.Build.0 = Release|Any CPU
		{4EAFD559-5A3D-44D9-A76E-16F6A6B0938A}.Release|x86.ActiveCfg = Release|Any CPU
		{4EAFD559-5A3D-44D9-A76E-16F6A6B0938A}.Release|x86.Build.0 = Release|Any CPU
		{09F68CDE-D2EB-4E21-93BB-5694987B2AC7}.Debug|Any CPU.ActiveCfg = Debug|Any CPU
		{09F68CDE-D2EB-4E21-93BB-5694987B2AC7}.Debug|Any CPU.Build.0 = Debug|Any CPU
		{09F68CDE-D2EB-4E21-93BB-5694987B2AC7}.Debug|x64.ActiveCfg = Debug|Any CPU
		{09F68CDE-D2EB-4E21-93BB-5694987B2AC7}.Debug|x64.Build.0 = Debug|Any CPU
		{09F68CDE-D2EB-4E21-93BB-5694987B2AC7}.Debug|x86.ActiveCfg = Debug|Any CPU
		{09F68CDE-D2EB-4E21-93BB-5694987B2AC7}.Debug|x86.Build.0 = Debug|Any CPU
		{09F68CDE-D2EB-4E21-93BB-5694987B2AC7}.Release|Any CPU.ActiveCfg = Release|Any CPU
		{09F68CDE-D2EB-4E21-93BB-5694987B2AC7}.Release|Any CPU.Build.0 = Release|Any CPU
		{09F68CDE-D2EB-4E21-93BB-5694987B2AC7}.Release|x64.ActiveCfg = Release|Any CPU
		{09F68CDE-D2EB-4E21-93BB-5694987B2AC7}.Release|x64.Build.0 = Release|Any CPU
		{09F68CDE-D2EB-4E21-93BB-5694987B2AC7}.Release|x86.ActiveCfg = Release|Any CPU
		{09F68CDE-D2EB-4E21-93BB-5694987B2AC7}.Release|x86.Build.0 = Release|Any CPU
		{4F35C730-C986-4CBB-BB0B-A0DA4117441D}.Debug|Any CPU.ActiveCfg = Debug|Any CPU
		{4F35C730-C986-4CBB-BB0B-A0DA4117441D}.Debug|Any CPU.Build.0 = Debug|Any CPU
		{4F35C730-C986-4CBB-BB0B-A0DA4117441D}.Debug|x64.ActiveCfg = Debug|Any CPU
		{4F35C730-C986-4CBB-BB0B-A0DA4117441D}.Debug|x64.Build.0 = Debug|Any CPU
		{4F35C730-C986-4CBB-BB0B-A0DA4117441D}.Debug|x86.ActiveCfg = Debug|Any CPU
		{4F35C730-C986-4CBB-BB0B-A0DA4117441D}.Debug|x86.Build.0 = Debug|Any CPU
		{4F35C730-C986-4CBB-BB0B-A0DA4117441D}.Release|Any CPU.ActiveCfg = Release|Any CPU
		{4F35C730-C986-4CBB-BB0B-A0DA4117441D}.Release|Any CPU.Build.0 = Release|Any CPU
		{4F35C730-C986-4CBB-BB0B-A0DA4117441D}.Release|x64.ActiveCfg = Release|Any CPU
		{4F35C730-C986-4CBB-BB0B-A0DA4117441D}.Release|x64.Build.0 = Release|Any CPU
		{4F35C730-C986-4CBB-BB0B-A0DA4117441D}.Release|x86.ActiveCfg = Release|Any CPU
		{4F35C730-C986-4CBB-BB0B-A0DA4117441D}.Release|x86.Build.0 = Release|Any CPU
		{F684E7AE-E76B-4F94-8321-0A8C1D034F50}.Debug|Any CPU.ActiveCfg = Debug|Any CPU
		{F684E7AE-E76B-4F94-8321-0A8C1D034F50}.Debug|Any CPU.Build.0 = Debug|Any CPU
		{F684E7AE-E76B-4F94-8321-0A8C1D034F50}.Debug|x64.ActiveCfg = Debug|Any CPU
		{F684E7AE-E76B-4F94-8321-0A8C1D034F50}.Debug|x64.Build.0 = Debug|Any CPU
		{F684E7AE-E76B-4F94-8321-0A8C1D034F50}.Debug|x86.ActiveCfg = Debug|Any CPU
		{F684E7AE-E76B-4F94-8321-0A8C1D034F50}.Debug|x86.Build.0 = Debug|Any CPU
		{F684E7AE-E76B-4F94-8321-0A8C1D034F50}.Release|Any CPU.ActiveCfg = Release|Any CPU
		{F684E7AE-E76B-4F94-8321-0A8C1D034F50}.Release|Any CPU.Build.0 = Release|Any CPU
		{F684E7AE-E76B-4F94-8321-0A8C1D034F50}.Release|x64.ActiveCfg = Release|Any CPU
		{F684E7AE-E76B-4F94-8321-0A8C1D034F50}.Release|x64.Build.0 = Release|Any CPU
		{F684E7AE-E76B-4F94-8321-0A8C1D034F50}.Release|x86.ActiveCfg = Release|Any CPU
		{F684E7AE-E76B-4F94-8321-0A8C1D034F50}.Release|x86.Build.0 = Release|Any CPU
		{72CAE69F-C294-44CE-8BDF-C1F09D9F63FF}.Debug|Any CPU.ActiveCfg = Debug|Any CPU
		{72CAE69F-C294-44CE-8BDF-C1F09D9F63FF}.Debug|Any CPU.Build.0 = Debug|Any CPU
		{72CAE69F-C294-44CE-8BDF-C1F09D9F63FF}.Debug|x64.ActiveCfg = Debug|Any CPU
		{72CAE69F-C294-44CE-8BDF-C1F09D9F63FF}.Debug|x64.Build.0 = Debug|Any CPU
		{72CAE69F-C294-44CE-8BDF-C1F09D9F63FF}.Debug|x86.ActiveCfg = Debug|Any CPU
		{72CAE69F-C294-44CE-8BDF-C1F09D9F63FF}.Debug|x86.Build.0 = Debug|Any CPU
		{72CAE69F-C294-44CE-8BDF-C1F09D9F63FF}.Release|Any CPU.ActiveCfg = Release|Any CPU
		{72CAE69F-C294-44CE-8BDF-C1F09D9F63FF}.Release|Any CPU.Build.0 = Release|Any CPU
		{72CAE69F-C294-44CE-8BDF-C1F09D9F63FF}.Release|x64.ActiveCfg = Release|Any CPU
		{72CAE69F-C294-44CE-8BDF-C1F09D9F63FF}.Release|x64.Build.0 = Release|Any CPU
		{72CAE69F-C294-44CE-8BDF-C1F09D9F63FF}.Release|x86.ActiveCfg = Release|Any CPU
		{72CAE69F-C294-44CE-8BDF-C1F09D9F63FF}.Release|x86.Build.0 = Release|Any CPU
		{C9ECA754-8E90-44E9-BF7E-36496E032406}.Debug|Any CPU.ActiveCfg = Debug|Any CPU
		{C9ECA754-8E90-44E9-BF7E-36496E032406}.Debug|Any CPU.Build.0 = Debug|Any CPU
		{C9ECA754-8E90-44E9-BF7E-36496E032406}.Debug|x64.ActiveCfg = Debug|Any CPU
		{C9ECA754-8E90-44E9-BF7E-36496E032406}.Debug|x64.Build.0 = Debug|Any CPU
		{C9ECA754-8E90-44E9-BF7E-36496E032406}.Debug|x86.ActiveCfg = Debug|Any CPU
		{C9ECA754-8E90-44E9-BF7E-36496E032406}.Debug|x86.Build.0 = Debug|Any CPU
		{C9ECA754-8E90-44E9-BF7E-36496E032406}.Release|Any CPU.ActiveCfg = Release|Any CPU
		{C9ECA754-8E90-44E9-BF7E-36496E032406}.Release|Any CPU.Build.0 = Release|Any CPU
		{C9ECA754-8E90-44E9-BF7E-36496E032406}.Release|x64.ActiveCfg = Release|Any CPU
		{C9ECA754-8E90-44E9-BF7E-36496E032406}.Release|x64.Build.0 = Release|Any CPU
		{C9ECA754-8E90-44E9-BF7E-36496E032406}.Release|x86.ActiveCfg = Release|Any CPU
		{C9ECA754-8E90-44E9-BF7E-36496E032406}.Release|x86.Build.0 = Release|Any CPU
	EndGlobalSection
	GlobalSection(SolutionProperties) = preSolution
		HideSolutionNode = FALSE
	EndGlobalSection
	GlobalSection(NestedProjects) = preSolution
		{883AA8BB-1290-4578-8F31-2082B29207A9} = {680C867B-2E04-486B-B5AB-A68ECE4657C2}
		{264E03F6-CDAE-4923-AB9C-C279AAE26BED} = {797727E5-7AEF-43A8-81FA-D8489B5AC144}
		{E7B01B92-2AFF-42FE-9C76-DF167056DAEF} = {9BB7EE74-125B-48B3-AE74-0E8D11AAD200}
		{4EAFD559-5A3D-44D9-A76E-16F6A6B0938A} = {9BB7EE74-125B-48B3-AE74-0E8D11AAD200}
		{09F68CDE-D2EB-4E21-93BB-5694987B2AC7} = {E7B01B92-2AFF-42FE-9C76-DF167056DAEF}
		{4F35C730-C986-4CBB-BB0B-A0DA4117441D} = {E7B01B92-2AFF-42FE-9C76-DF167056DAEF}
		{F684E7AE-E76B-4F94-8321-0A8C1D034F50} = {E7B01B92-2AFF-42FE-9C76-DF167056DAEF}
		{72CAE69F-C294-44CE-8BDF-C1F09D9F63FF} = {E7B01B92-2AFF-42FE-9C76-DF167056DAEF}
		{C9ECA754-8E90-44E9-BF7E-36496E032406} = {E7B01B92-2AFF-42FE-9C76-DF167056DAEF}
	EndGlobalSection
	GlobalSection(ExtensibilityGlobals) = postSolution
		SolutionGuid = {F62AB201-7CE1-470E-9B72-BC060AC9B025}
	EndGlobalSection
EndGlobal
